
Microsoft Visual Studio Solution File, Format Version 12.00
# Visual Studio Version 16
VisualStudioVersion = 16.0.28917.181
MinimumVisualStudioVersion = 10.0.40219.1
Project("{FAE04EC0-301F-11D3-BF4B-00C04F79EFBC}") = "Monedas", "Monedas\Monedas.csproj", "{C7C208CB-F1BF-480C-9FED-4F59FCAC3BE9}"
EndProject
Project("{FAE04EC0-301F-11D3-BF4B-00C04F79EFBC}") = "Monedero", "Monedero\Monedero.csproj", "{CF277A1D-88B2-46D1-94B3-0C7D98C89322}"
EndProject
Project("{FAE04EC0-301F-11D3-BF4B-00C04F79EFBC}") = "Servicios", "Servicios\Servicios.csproj", "{8AA9FD90-007D-41FA-B278-8937B329C212}"
EndProject
Project("{FAE04EC0-301F-11D3-BF4B-00C04F79EFBC}") = "Persistencia", "Persistencia\Persistencia.csproj", "{93BBF5EA-E5C8-4B86-9099-FAB98BD16348}"
EndProject
Project("{FAE04EC0-301F-11D3-BF4B-00C04F79EFBC}") = "Model", "Model\Model.csproj", "{3E9E3D50-FD77-4243-AF24-66D79A2D5ED4}"
EndProject
Global
	GlobalSection(SolutionConfigurationPlatforms) = preSolution
		Debug|Any CPU = Debug|Any CPU
		Release|Any CPU = Release|Any CPU
	EndGlobalSection
	GlobalSection(ProjectConfigurationPlatforms) = postSolution
		{C7C208CB-F1BF-480C-9FED-4F59FCAC3BE9}.Debug|Any CPU.ActiveCfg = Debug|Any CPU
		{C7C208CB-F1BF-480C-9FED-4F59FCAC3BE9}.Debug|Any CPU.Build.0 = Debug|Any CPU
		{C7C208CB-F1BF-480C-9FED-4F59FCAC3BE9}.Release|Any CPU.ActiveCfg = Release|Any CPU
		{C7C208CB-F1BF-480C-9FED-4F59FCAC3BE9}.Release|Any CPU.Build.0 = Release|Any CPU
		{CF277A1D-88B2-46D1-94B3-0C7D98C89322}.Debug|Any CPU.ActiveCfg = Debug|Any CPU
		{CF277A1D-88B2-46D1-94B3-0C7D98C89322}.Debug|Any CPU.Build.0 = Debug|Any CPU
		{CF277A1D-88B2-46D1-94B3-0C7D98C89322}.Release|Any CPU.ActiveCfg = Release|Any CPU
		{CF277A1D-88B2-46D1-94B3-0C7D98C89322}.Release|Any CPU.Build.0 = Release|Any CPU
		{8AA9FD90-007D-41FA-B278-8937B329C212}.Debug|Any CPU.ActiveCfg = Debug|Any CPU
		{8AA9FD90-007D-41FA-B278-8937B329C212}.Debug|Any CPU.Build.0 = Debug|Any CPU
		{8AA9FD90-007D-41FA-B278-8937B329C212}.Release|Any CPU.ActiveCfg = Release|Any CPU
		{8AA9FD90-007D-41FA-B278-8937B329C212}.Release|Any CPU.Build.0 = Release|Any CPU
		{93BBF5EA-E5C8-4B86-9099-FAB98BD16348}.Debug|Any CPU.ActiveCfg = Debug|Any CPU
		{93BBF5EA-E5C8-4B86-9099-FAB98BD16348}.Debug|Any CPU.Build.0 = Debug|Any CPU
		{93BBF5EA-E5C8-4B86-9099-FAB98BD16348}.Release|Any CPU.ActiveCfg = Release|Any CPU
		{93BBF5EA-E5C8-4B86-9099-FAB98BD16348}.Release|Any CPU.Build.0 = Release|Any CPU
		{3E9E3D50-FD77-4243-AF24-66D79A2D5ED4}.Debug|Any CPU.ActiveCfg = Debug|Any CPU
		{3E9E3D50-FD77-4243-AF24-66D79A2D5ED4}.Debug|Any CPU.Build.0 = Debug|Any CPU
		{3E9E3D50-FD77-4243-AF24-66D79A2D5ED4}.Release|Any CPU.ActiveCfg = Release|Any CPU
		{3E9E3D50-FD77-4243-AF24-66D79A2D5ED4}.Release|Any CPU.Build.0 = Release|Any CPU
	EndGlobalSection
	GlobalSection(SolutionProperties) = preSolution
		HideSolutionNode = FALSE
	EndGlobalSection
	GlobalSection(ExtensibilityGlobals) = postSolution
		SolutionGuid = {0210F137-8B77-429F-92C2-A3B755A8DD1A}
	EndGlobalSection
EndGlobal
